
Microsoft Visual Studio Solution File, Format Version 12.00
# Visual Studio 2013
VisualStudioVersion = 12.0.21005.1
MinimumVisualStudioVersion = 10.0.40219.1
Project("{FAE04EC0-301F-11D3-BF4B-00C04F79EFBC}") = "P2PServer", "P2PServer\P2PServer.csproj", "{AF178455-6C20-4EC8-A05A-9C06F83835A2}"
EndProject
Global
	GlobalSection(SolutionConfigurationPlatforms) = preSolution
		Debug|Any CPU = Debug|Any CPU
		Release|Any CPU = Release|Any CPU
	EndGlobalSection
	GlobalSection(ProjectConfigurationPlatforms) = postSolution
		{AF178455-6C20-4EC8-A05A-9C06F83835A2}.Debug|Any CPU.ActiveCfg = Debug|Any CPU
		{AF178455-6C20-4EC8-A05A-9C06F83835A2}.Debug|Any CPU.Build.0 = Debug|Any CPU
		{AF178455-6C20-4EC8-A05A-9C06F83835A2}.Release|Any CPU.ActiveCfg = Release|Any CPU
		{AF178455-6C20-4EC8-A05A-9C06F83835A2}.Release|Any CPU.Build.0 = Release|Any CPU
	EndGlobalSection
	GlobalSection(SolutionProperties) = preSolution
		HideSolutionNode = FALSE
	EndGlobalSection
EndGlobal
